
Microsoft Visual Studio Solution File, Format Version 12.00
# Visual Studio Version 16
VisualStudioVersion = 16.0.29709.97
MinimumVisualStudioVersion = 10.0.40219.1
Project("{9A19103F-16F7-4668-BE54-9A1E7A4F7556}") = "Controllers", "Controler\Controllers.csproj", "{50FC675A-62AE-4CF6-90AE-01C941BD3006}"
EndProject
Project("{9A19103F-16F7-4668-BE54-9A1E7A4F7556}") = "Managers", "Managers\Managers.csproj", "{64EEE253-2FB8-49EA-BDBA-F5650B9009C9}"
EndProject
Project("{9A19103F-16F7-4668-BE54-9A1E7A4F7556}") = "Repos", "Repos\Repos.csproj", "{49F43C78-B94A-4469-9E69-B5ACC0E531ED}"
EndProject
Project("{9A19103F-16F7-4668-BE54-9A1E7A4F7556}") = "Helpers", "Stores\Helpers.csproj", "{9C9C6968-6769-40A0-8364-839265A48874}"
EndProject
Project("{9A19103F-16F7-4668-BE54-9A1E7A4F7556}") = "Database", "Database\Database.csproj", "{95D2652C-6486-40CB-B955-B773C263707E}"
EndProject
Project("{9A19103F-16F7-4668-BE54-9A1E7A4F7556}") = "Entities", "Entities\Entities.csproj", "{900C3EF9-0F27-47D8-9DF7-3535EE0333F3}"
EndProject
Project("{9A19103F-16F7-4668-BE54-9A1E7A4F7556}") = "Toolkit", "Toolkit\Toolkit.csproj", "{BCC1CDBF-2B17-41C0-9BCA-88DFF11C0744}"
EndProject
Project("{2150E333-8FDC-42A3-9474-1A3956D46DE8}") = "01.Controllers", "01.Controllers", "{B8E5C928-B352-44BE-96A9-37C61FE4BFA9}"
EndProject
Project("{2150E333-8FDC-42A3-9474-1A3956D46DE8}") = "02.Managers", "02.Managers", "{8D8FF93F-F4B1-49DD-98BB-84B1010B9131}"
EndProject
Project("{2150E333-8FDC-42A3-9474-1A3956D46DE8}") = "03.Repos", "03.Repos", "{6A0B5631-7BBF-41D5-B2C9-74F52677A14C}"
EndProject
Project("{2150E333-8FDC-42A3-9474-1A3956D46DE8}") = "04.Entities", "04.Entities", "{E08EA667-8F39-4377-AE9E-AEF45BD3A3DB}"
EndProject
Project("{2150E333-8FDC-42A3-9474-1A3956D46DE8}") = "05.Helpers", "05.Helpers", "{947BEEB9-1358-4467-9A69-2706A8506218}"
EndProject
Project("{2150E333-8FDC-42A3-9474-1A3956D46DE8}") = "06.Database", "06.Database", "{E64E1698-B97B-448D-9128-ECDB238FE845}"
EndProject
Project("{2150E333-8FDC-42A3-9474-1A3956D46DE8}") = "07.Toolkit", "07.Toolkit", "{F617A583-51E4-486E-9D6D-D9F23D0E93B1}"
EndProject
Global
	GlobalSection(SolutionConfigurationPlatforms) = preSolution
		Debug|Any CPU = Debug|Any CPU
		Release|Any CPU = Release|Any CPU
	EndGlobalSection
	GlobalSection(ProjectConfigurationPlatforms) = postSolution
		{50FC675A-62AE-4CF6-90AE-01C941BD3006}.Debug|Any CPU.ActiveCfg = Debug|Any CPU
		{50FC675A-62AE-4CF6-90AE-01C941BD3006}.Debug|Any CPU.Build.0 = Debug|Any CPU
		{50FC675A-62AE-4CF6-90AE-01C941BD3006}.Release|Any CPU.ActiveCfg = Release|Any CPU
		{50FC675A-62AE-4CF6-90AE-01C941BD3006}.Release|Any CPU.Build.0 = Release|Any CPU
		{64EEE253-2FB8-49EA-BDBA-F5650B9009C9}.Debug|Any CPU.ActiveCfg = Debug|Any CPU
		{64EEE253-2FB8-49EA-BDBA-F5650B9009C9}.Debug|Any CPU.Build.0 = Debug|Any CPU
		{64EEE253-2FB8-49EA-BDBA-F5650B9009C9}.Release|Any CPU.ActiveCfg = Release|Any CPU
		{64EEE253-2FB8-49EA-BDBA-F5650B9009C9}.Release|Any CPU.Build.0 = Release|Any CPU
		{49F43C78-B94A-4469-9E69-B5ACC0E531ED}.Debug|Any CPU.ActiveCfg = Debug|Any CPU
		{49F43C78-B94A-4469-9E69-B5ACC0E531ED}.Debug|Any CPU.Build.0 = Debug|Any CPU
		{49F43C78-B94A-4469-9E69-B5ACC0E531ED}.Release|Any CPU.ActiveCfg = Release|Any CPU
		{49F43C78-B94A-4469-9E69-B5ACC0E531ED}.Release|Any CPU.Build.0 = Release|Any CPU
		{9C9C6968-6769-40A0-8364-839265A48874}.Debug|Any CPU.ActiveCfg = Debug|Any CPU
		{9C9C6968-6769-40A0-8364-839265A48874}.Debug|Any CPU.Build.0 = Debug|Any CPU
		{9C9C6968-6769-40A0-8364-839265A48874}.Release|Any CPU.ActiveCfg = Release|Any CPU
		{9C9C6968-6769-40A0-8364-839265A48874}.Release|Any CPU.Build.0 = Release|Any CPU
		{95D2652C-6486-40CB-B955-B773C263707E}.Debug|Any CPU.ActiveCfg = Debug|Any CPU
		{95D2652C-6486-40CB-B955-B773C263707E}.Debug|Any CPU.Build.0 = Debug|Any CPU
		{95D2652C-6486-40CB-B955-B773C263707E}.Release|Any CPU.ActiveCfg = Release|Any CPU
		{95D2652C-6486-40CB-B955-B773C263707E}.Release|Any CPU.Build.0 = Release|Any CPU
		{900C3EF9-0F27-47D8-9DF7-3535EE0333F3}.Debug|Any CPU.ActiveCfg = Debug|Any CPU
		{900C3EF9-0F27-47D8-9DF7-3535EE0333F3}.Debug|Any CPU.Build.0 = Debug|Any CPU
		{900C3EF9-0F27-47D8-9DF7-3535EE0333F3}.Release|Any CPU.ActiveCfg = Release|Any CPU
		{900C3EF9-0F27-47D8-9DF7-3535EE0333F3}.Release|Any CPU.Build.0 = Release|Any CPU
		{BCC1CDBF-2B17-41C0-9BCA-88DFF11C0744}.Debug|Any CPU.ActiveCfg = Debug|Any CPU
		{BCC1CDBF-2B17-41C0-9BCA-88DFF11C0744}.Debug|Any CPU.Build.0 = Debug|Any CPU
		{BCC1CDBF-2B17-41C0-9BCA-88DFF11C0744}.Release|Any CPU.ActiveCfg = Release|Any CPU
		{BCC1CDBF-2B17-41C0-9BCA-88DFF11C0744}.Release|Any CPU.Build.0 = Release|Any CPU
	EndGlobalSection
	GlobalSection(SolutionProperties) = preSolution
		HideSolutionNode = FALSE
	EndGlobalSection
	GlobalSection(NestedProjects) = preSolution
		{50FC675A-62AE-4CF6-90AE-01C941BD3006} = {B8E5C928-B352-44BE-96A9-37C61FE4BFA9}
		{64EEE253-2FB8-49EA-BDBA-F5650B9009C9} = {8D8FF93F-F4B1-49DD-98BB-84B1010B9131}
		{49F43C78-B94A-4469-9E69-B5ACC0E531ED} = {6A0B5631-7BBF-41D5-B2C9-74F52677A14C}
		{9C9C6968-6769-40A0-8364-839265A48874} = {947BEEB9-1358-4467-9A69-2706A8506218}
		{95D2652C-6486-40CB-B955-B773C263707E} = {E64E1698-B97B-448D-9128-ECDB238FE845}
		{900C3EF9-0F27-47D8-9DF7-3535EE0333F3} = {E08EA667-8F39-4377-AE9E-AEF45BD3A3DB}
		{BCC1CDBF-2B17-41C0-9BCA-88DFF11C0744} = {F617A583-51E4-486E-9D6D-D9F23D0E93B1}
	EndGlobalSection
	GlobalSection(ExtensibilityGlobals) = postSolution
		SolutionGuid = {12B99466-0F5A-4F58-8169-0DA38D4C49FC}
	EndGlobalSection
EndGlobal
